
Microsoft Visual Studio Solution File, Format Version 12.00
# Visual Studio 14
VisualStudioVersion = 14.0.25420.1
MinimumVisualStudioVersion = 10.0.40219.1
Project("{FAE04EC0-301F-11D3-BF4B-00C04F79EFBC}") = "HostsEditor", "HostsEdit\HostsEditor.csproj", "{3F72C41D-93A3-4293-942E-67B3A0F7E97B}"
EndProject
Global
	GlobalSection(SolutionConfigurationPlatforms) = preSolution
		Debug|Any CPU = Debug|Any CPU
		Release|Any CPU = Release|Any CPU
	EndGlobalSection
	GlobalSection(ProjectConfigurationPlatforms) = postSolution
		{3F72C41D-93A3-4293-942E-67B3A0F7E97B}.Debug|Any CPU.ActiveCfg = Debug|Any CPU
		{3F72C41D-93A3-4293-942E-67B3A0F7E97B}.Debug|Any CPU.Build.0 = Debug|Any CPU
		{3F72C41D-93A3-4293-942E-67B3A0F7E97B}.Release|Any CPU.ActiveCfg = Release|Any CPU
		{3F72C41D-93A3-4293-942E-67B3A0F7E97B}.Release|Any CPU.Build.0 = Release|Any CPU
	EndGlobalSection
	GlobalSection(SolutionProperties) = preSolution
		HideSolutionNode = FALSE
	EndGlobalSection
EndGlobal
